// !$*UTF8*$!
{
	archiveVersion = 1;
	classes = {
	};
	objectVersion = 46;
	objects = {

/* Begin PBXBuildFile section */
		004200D4188E4BF200A7FEF8 /* Foundation.framework in Frameworks */ = {isa = PBXBuildFile; fileRef = 004200D3188E4BF200A7FEF8 /* Foundation.framework */; };
		004200D6188E4BF200A7FEF8 /* CoreGraphics.framework in Frameworks */ = {isa = PBXBuildFile; fileRef = 004200D5188E4BF200A7FEF8 /* CoreGraphics.framework */; };
		004200D8188E4BF200A7FEF8 /* UIKit.framework in Frameworks */ = {isa = PBXBuildFile; fileRef = 004200D7188E4BF200A7FEF8 /* UIKit.framework */; };
		004200DE188E4BF200A7FEF8 /* InfoPlist.strings in Resources */ = {isa = PBXBuildFile; fileRef = 004200DC188E4BF200A7FEF8 /* InfoPlist.strings */; };
		004200E0188E4BF200A7FEF8 /* main.m in Sources */ = {isa = PBXBuildFile; fileRef = 004200DF188E4BF200A7FEF8 /* main.m */; };
		004200E4188E4BF200A7FEF8 /* AppDelegate.m in Sources */ = {isa = PBXBuildFile; fileRef = 004200E3188E4BF200A7FEF8 /* AppDelegate.m */; };
		004200E7188E4BF200A7FEF8 /* Main.storyboard in Resources */ = {isa = PBXBuildFile; fileRef = 004200E5188E4BF200A7FEF8 /* Main.storyboard */; };
		004200EA188E4BF200A7FEF8 /* ViewController.m in Sources */ = {isa = PBXBuildFile; fileRef = 004200E9188E4BF200A7FEF8 /* ViewController.m */; };
		004200EC188E4BF200A7FEF8 /* Images.xcassets in Resources */ = {isa = PBXBuildFile; fileRef = 004200EB188E4BF200A7FEF8 /* Images.xcassets */; };
		004200F3188E4BF200A7FEF8 /* XCTest.framework in Frameworks */ = {isa = PBXBuildFile; fileRef = 004200F2188E4BF200A7FEF8 /* XCTest.framework */; };
		004200F4188E4BF200A7FEF8 /* Foundation.framework in Frameworks */ = {isa = PBXBuildFile; fileRef = 004200D3188E4BF200A7FEF8 /* Foundation.framework */; };
		004200F5188E4BF200A7FEF8 /* UIKit.framework in Frameworks */ = {isa = PBXBuildFile; fileRef = 004200D7188E4BF200A7FEF8 /* UIKit.framework */; };
		004200FD188E4BF200A7FEF8 /* InfoPlist.strings in Resources */ = {isa = PBXBuildFile; fileRef = 004200FB188E4BF200A7FEF8 /* InfoPlist.strings */; };
		004200FF188E4BF200A7FEF8 /* FacebookReadFeedTests.m in Sources */ = {isa = PBXBuildFile; fileRef = 004200FE188E4BF200A7FEF8 /* FacebookReadFeedTests.m */; };
/* End PBXBuildFile section */

/* Begin PBXContainerItemProxy section */
		004200F6188E4BF200A7FEF8 /* PBXContainerItemProxy */ = {
			isa = PBXContainerItemProxy;
			containerPortal = 004200C8188E4BF200A7FEF8 /* Project object */;
			proxyType = 1;
			remoteGlobalIDString = 004200CF188E4BF200A7FEF8;
			remoteInfo = FacebookReadFeed;
		};
/* End PBXContainerItemProxy section */

/* Begin PBXFileReference section */
		004200D0188E4BF200A7FEF8 /* FacebookReadFeed.app */ = {isa = PBXFileReference; explicitFileType = wrapper.application; includeInIndex = 0; path = FacebookReadFeed.app; sourceTree = BUILT_PRODUCTS_DIR; };
		004200D3188E4BF200A7FEF8 /* Foundation.framework */ = {isa = PBXFileReference; lastKnownFileType = wrapper.framework; name = Foundation.framework; path = System/Library/Frameworks/Foundation.framework; sourceTree = SDKROOT; };
		004200D5188E4BF200A7FEF8 /* CoreGraphics.framework */ = {isa = PBXFileReference; lastKnownFileType = wrapper.framework; name = CoreGraphics.framework; path = System/Library/Frameworks/CoreGraphics.framework; sourceTree = SDKROOT; };
		004200D7188E4BF200A7FEF8 /* UIKit.framework */ = {isa = PBXFileReference; lastKnownFileType = wrapper.framework; name = UIKit.framework; path = System/Library/Frameworks/UIKit.framework; sourceTree = SDKROOT; };
		004200DB188E4BF200A7FEF8 /* FacebookReadFeed-Info.plist */ = {isa = PBXFileReference; lastKnownFileType = text.plist.xml; path = "FacebookReadFeed-Info.plist"; sourceTree = "<group>"; };
		004200DD188E4BF200A7FEF8 /* en */ = {isa = PBXFileReference; lastKnownFileType = text.plist.strings; name = en; path = en.lproj/InfoPlist.strings; sourceTree = "<group>"; };
		004200DF188E4BF200A7FEF8 /* main.m */ = {isa = PBXFileReference; lastKnownFileType = sourcecode.c.objc; path = main.m; sourceTree = "<group>"; };
		004200E1188E4BF200A7FEF8 /* FacebookReadFeed-Prefix.pch */ = {isa = PBXFileReference; lastKnownFileType = sourcecode.c.h; path = "FacebookReadFeed-Prefix.pch"; sourceTree = "<group>"; };
		004200E2188E4BF200A7FEF8 /* AppDelegate.h */ = {isa = PBXFileReference; lastKnownFileType = sourcecode.c.h; path = AppDelegate.h; sourceTree = "<group>"; };
		004200E3188E4BF200A7FEF8 /* AppDelegate.m */ = {isa = PBXFileReference; lastKnownFileType = sourcecode.c.objc; path = AppDelegate.m; sourceTree = "<group>"; };
		004200E6188E4BF200A7FEF8 /* Base */ = {isa = PBXFileReference; lastKnownFileType = file.storyboard; name = Base; path = Base.lproj/Main.storyboard; sourceTree = "<group>"; };
		004200E8188E4BF200A7FEF8 /* ViewController.h */ = {isa = PBXFileReference; lastKnownFileType = sourcecode.c.h; path = ViewController.h; sourceTree = "<group>"; };
		004200E9188E4BF200A7FEF8 /* ViewController.m */ = {isa = PBXFileReference; lastKnownFileType = sourcecode.c.objc; path = ViewController.m; sourceTree = "<group>"; };
		004200EB188E4BF200A7FEF8 /* Images.xcassets */ = {isa = PBXFileReference; lastKnownFileType = folder.assetcatalog; path = Images.xcassets; sourceTree = "<group>"; };
		004200F1188E4BF200A7FEF8 /* FacebookReadFeedTests.xctest */ = {isa = PBXFileReference; explicitFileType = wrapper.cfbundle; includeInIndex = 0; path = FacebookReadFeedTests.xctest; sourceTree = BUILT_PRODUCTS_DIR; };
		004200F2188E4BF200A7FEF8 /* XCTest.framework */ = {isa = PBXFileReference; lastKnownFileType = wrapper.framework; name = XCTest.framework; path = Library/Frameworks/XCTest.framework; sourceTree = DEVELOPER_DIR; };
		004200FA188E4BF200A7FEF8 /* FacebookReadFeedTests-Info.plist */ = {isa = PBXFileReference; lastKnownFileType = text.plist.xml; path = "FacebookReadFeedTests-Info.plist"; sourceTree = "<group>"; };
		004200FC188E4BF200A7FEF8 /* en */ = {isa = PBXFileReference; lastKnownFileType = text.plist.strings; name = en; path = en.lproj/InfoPlist.strings; sourceTree = "<group>"; };
		004200FE188E4BF200A7FEF8 /* FacebookReadFeedTests.m */ = {isa = PBXFileReference; lastKnownFileType = sourcecode.c.objc; path = FacebookReadFeedTests.m; sourceTree = "<group>"; };
/* End PBXFileReference section */

/* Begin PBXFrameworksBuildPhase section */
		004200CD188E4BF200A7FEF8 /* Frameworks */ = {
			isa = PBXFrameworksBuildPhase;
			buildActionMask = 2147483647;
			files = (
				004200D6188E4BF200A7FEF8 /* CoreGraphics.framework in Frameworks */,
				004200D8188E4BF200A7FEF8 /* UIKit.framework in Frameworks */,
				004200D4188E4BF200A7FEF8 /* Foundation.framework in Frameworks */,
			);
			runOnlyForDeploymentPostprocessing = 0;
		};
		004200EE188E4BF200A7FEF8 /* Frameworks */ = {
			isa = PBXFrameworksBuildPhase;
			buildActionMask = 2147483647;
			files = (
				004200F3188E4BF200A7FEF8 /* XCTest.framework in Frameworks */,
				004200F5188E4BF200A7FEF8 /* UIKit.framework in Frameworks */,
				004200F4188E4BF200A7FEF8 /* Foundation.framework in Frameworks */,
			);
			runOnlyForDeploymentPostprocessing = 0;
		};
/* End PBXFrameworksBuildPhase section */

/* Begin PBXGroup section */
		004200C7188E4BF200A7FEF8 = {
			isa = PBXGroup;
			children = (
				004200D9188E4BF200A7FEF8 /* FacebookReadFeed */,
				004200F8188E4BF200A7FEF8 /* FacebookReadFeedTests */,
				004200D2188E4BF200A7FEF8 /* Frameworks */,
				004200D1188E4BF200A7FEF8 /* Products */,
			);
			sourceTree = "<group>";
		};
		004200D1188E4BF200A7FEF8 /* Products */ = {
			isa = PBXGroup;
			children = (
				004200D0188E4BF200A7FEF8 /* FacebookReadFeed.app */,
				004200F1188E4BF200A7FEF8 /* FacebookReadFeedTests.xctest */,
			);
			name = Products;
			sourceTree = "<group>";
		};
		004200D2188E4BF200A7FEF8 /* Frameworks */ = {
			isa = PBXGroup;
			children = (
				004200D3188E4BF200A7FEF8 /* Foundation.framework */,
				004200D5188E4BF200A7FEF8 /* CoreGraphics.framework */,
				004200D7188E4BF200A7FEF8 /* UIKit.framework */,
				004200F2188E4BF200A7FEF8 /* XCTest.framework */,
			);
			name = Frameworks;
			sourceTree = "<group>";
		};
		004200D9188E4BF200A7FEF8 /* FacebookReadFeed */ = {
			isa = PBXGroup;
			children = (
				004200E2188E4BF200A7FEF8 /* AppDelegate.h */,
				004200E3188E4BF200A7FEF8 /* AppDelegate.m */,
				004200E5188E4BF200A7FEF8 /* Main.storyboard */,
				004200E8188E4BF200A7FEF8 /* ViewController.h */,
				004200E9188E4BF200A7FEF8 /* ViewController.m */,
				004200EB188E4BF200A7FEF8 /* Images.xcassets */,
				004200DA188E4BF200A7FEF8 /* Supporting Files */,
			);
			path = FacebookReadFeed;
			sourceTree = "<group>";
		};
		004200DA188E4BF200A7FEF8 /* Supporting Files */ = {
			isa = PBXGroup;
			children = (
				004200DB188E4BF200A7FEF8 /* FacebookReadFeed-Info.plist */,
				004200DC188E4BF200A7FEF8 /* InfoPlist.strings */,
				004200DF188E4BF200A7FEF8 /* main.m */,
				004200E1188E4BF200A7FEF8 /* FacebookReadFeed-Prefix.pch */,
			);
			name = "Supporting Files";
			sourceTree = "<group>";
		};
		004200F8188E4BF200A7FEF8 /* FacebookReadFeedTests */ = {
			isa = PBXGroup;
			children = (
				004200FE188E4BF200A7FEF8 /* FacebookReadFeedTests.m */,
				004200F9188E4BF200A7FEF8 /* Supporting Files */,
			);
			path = FacebookReadFeedTests;
			sourceTree = "<group>";
		};
		004200F9188E4BF200A7FEF8 /* Supporting Files */ = {
			isa = PBXGroup;
			children = (
				004200FA188E4BF200A7FEF8 /* FacebookReadFeedTests-Info.plist */,
				004200FB188E4BF200A7FEF8 /* InfoPlist.strings */,
			);
			name = "Supporting Files";
			sourceTree = "<group>";
		};
/* End PBXGroup section */

/* Begin PBXNativeTarget section */
		004200CF188E4BF200A7FEF8 /* FacebookReadFeed */ = {
			isa = PBXNativeTarget;
			buildConfigurationList = 00420102188E4BF200A7FEF8 /* Build configuration list for PBXNativeTarget "FacebookReadFeed" */;
			buildPhases = (
				004200CC188E4BF200A7FEF8 /* Sources */,
				004200CD188E4BF200A7FEF8 /* Frameworks */,
				004200CE188E4BF200A7FEF8 /* Resources */,
			);
			buildRules = (
			);
			dependencies = (
			);
			name = FacebookReadFeed;
			productName = FacebookReadFeed;
			productReference = 004200D0188E4BF200A7FEF8 /* FacebookReadFeed.app */;
			productType = "com.apple.product-type.application";
		};
		004200F0188E4BF200A7FEF8 /* FacebookReadFeedTests */ = {
			isa = PBXNativeTarget;
			buildConfigurationList = 00420105188E4BF200A7FEF8 /* Build configuration list for PBXNativeTarget "FacebookReadFeedTests" */;
			buildPhases = (
				004200ED188E4BF200A7FEF8 /* Sources */,
				004200EE188E4BF200A7FEF8 /* Frameworks */,
				004200EF188E4BF200A7FEF8 /* Resources */,
			);
			buildRules = (
			);
			dependencies = (
				004200F7188E4BF200A7FEF8 /* PBXTargetDependency */,
			);
			name = FacebookReadFeedTests;
			productName = FacebookReadFeedTests;
			productReference = 004200F1188E4BF200A7FEF8 /* FacebookReadFeedTests.xctest */;
			productType = "com.apple.product-type.bundle.unit-test";
		};
/* End PBXNativeTarget section */

/* Begin PBXProject section */
		004200C8188E4BF200A7FEF8 /* Project object */ = {
			isa = PBXProject;
			attributes = {
				LastUpgradeCheck = 0500;
				ORGANIZATIONNAME = T;
				TargetAttributes = {
					004200F0188E4BF200A7FEF8 = {
						TestTargetID = 004200CF188E4BF200A7FEF8;
					};
				};
			};
			buildConfigurationList = 004200CB188E4BF200A7FEF8 /* Build configuration list for PBXProject "FacebookReadFeed" */;
			compatibilityVersion = "Xcode 3.2";
			developmentRegion = English;
			hasScannedForEncodings = 0;
			knownRegions = (
				en,
				Base,
			);
			mainGroup = 004200C7188E4BF200A7FEF8;
			productRefGroup = 004200D1188E4BF200A7FEF8 /* Products */;
			projectDirPath = "";
			projectRoot = "";
			targets = (
				004200CF188E4BF200A7FEF8 /* FacebookReadFeed */,
				004200F0188E4BF200A7FEF8 /* FacebookReadFeedTests */,
			);
		};
/* End PBXProject section */

/* Begin PBXResourcesBuildPhase section */
		004200CE188E4BF200A7FEF8 /* Resources */ = {
			isa = PBXResourcesBuildPhase;
			buildActionMask = 2147483647;
			files = (
				004200EC188E4BF200A7FEF8 /* Images.xcassets in Resources */,
				004200DE188E4BF200A7FEF8 /* InfoPlist.strings in Resources */,
				004200E7188E4BF200A7FEF8 /* Main.storyboard in Resources */,
			);
			runOnlyForDeploymentPostprocessing = 0;
		};
		004200EF188E4BF200A7FEF8 /* Resources */ = {
			isa = PBXResourcesBuildPhase;
			buildActionMask = 2147483647;
			files = (
				004200FD188E4BF200A7FEF8 /* InfoPlist.strings in Resources */,
			);
			runOnlyForDeploymentPostprocessing = 0;
		};
/* End PBXResourcesBuildPhase section */

/* Begin PBXSourcesBuildPhase section */
		004200CC188E4BF200A7FEF8 /* Sources */ = {
			isa = PBXSourcesBuildPhase;
			buildActionMask = 2147483647;
			files = (
				004200EA188E4BF200A7FEF8 /* ViewController.m in Sources */,
				004200E4188E4BF200A7FEF8 /* AppDelegate.m in Sources */,
				004200E0188E4BF200A7FEF8 /* main.m in Sources */,
			);
			runOnlyForDeploymentPostprocessing = 0;
		};
		004200ED188E4BF200A7FEF8 /* Sources */ = {
			isa = PBXSourcesBuildPhase;
			buildActionMask = 2147483647;
			files = (
				004200FF188E4BF200A7FEF8 /* FacebookReadFeedTests.m in Sources */,
			);
			runOnlyForDeploymentPostprocessing = 0;
		};
/* End PBXSourcesBuildPhase section */

/* Begin PBXTargetDependency section */
		004200F7188E4BF200A7FEF8 /* PBXTargetDependency */ = {
			isa = PBXTargetDependency;
			target = 004200CF188E4BF200A7FEF8 /* FacebookReadFeed */;
			targetProxy = 004200F6188E4BF200A7FEF8 /* PBXContainerItemProxy */;
		};
/* End PBXTargetDependency section */

/* Begin PBXVariantGroup section */
		004200DC188E4BF200A7FEF8 /* InfoPlist.strings */ = {
			isa = PBXVariantGroup;
			children = (
				004200DD188E4BF200A7FEF8 /* en */,
			);
			name = InfoPlist.strings;
			sourceTree = "<group>";
		};
		004200E5188E4BF200A7FEF8 /* Main.storyboard */ = {
			isa = PBXVariantGroup;
			children = (
				004200E6188E4BF200A7FEF8 /* Base */,
			);
			name = Main.storyboard;
			sourceTree = "<group>";
		};
		004200FB188E4BF200A7FEF8 /* InfoPlist.strings */ = {
			isa = PBXVariantGroup;
			children = (
				004200FC188E4BF200A7FEF8 /* en */,
			);
			name = InfoPlist.strings;
			sourceTree = "<group>";
		};
/* End PBXVariantGroup section */

/* Begin XCBuildConfiguration section */
		00420100188E4BF200A7FEF8 /* Debug */ = {
			isa = XCBuildConfiguration;
			buildSettings = {
				ALWAYS_SEARCH_USER_PATHS = NO;
				ARCHS = "$(ARCHS_STANDARD_INCLUDING_64_BIT)";
				CLANG_CXX_LANGUAGE_STANDARD = "gnu++0x";
				CLANG_CXX_LIBRARY = "libc++";
				CLANG_ENABLE_MODULES = YES;
				CLANG_ENABLE_OBJC_ARC = YES;
				CLANG_WARN_BOOL_CONVERSION = YES;
				CLANG_WARN_CONSTANT_CONVERSION = YES;
				CLANG_WARN_DIRECT_OBJC_ISA_USAGE = YES_ERROR;
				CLANG_WARN_EMPTY_BODY = YES;
				CLANG_WARN_ENUM_CONVERSION = YES;
				CLANG_WARN_INT_CONVERSION = YES;
				CLANG_WARN_OBJC_ROOT_CLASS = YES_ERROR;
				CLANG_WARN__DUPLICATE_METHOD_MATCH = YES;
				"CODE_SIGN_IDENTITY[sdk=iphoneos*]" = "iPhone Developer";
				COPY_PHASE_STRIP = NO;
				GCC_C_LANGUAGE_STANDARD = gnu99;
				GCC_DYNAMIC_NO_PIC = NO;
				GCC_OPTIMIZATION_LEVEL = 0;
				GCC_PREPROCESSOR_DEFINITIONS = (
					"DEBUG=1",
					"$(inherited)",
				);
				GCC_SYMBOLS_PRIVATE_EXTERN = NO;
				GCC_WARN_64_TO_32_BIT_CONVERSION = YES;
				GCC_WARN_ABOUT_RETURN_TYPE = YES_ERROR;
				GCC_WARN_UNDECLARED_SELECTOR = YES;
				GCC_WARN_UNINITIALIZED_AUTOS = YES;
				GCC_WARN_UNUSED_FUNCTION = YES;
				GCC_WARN_UNUSED_VARIABLE = YES;
				IPHONEOS_DEPLOYMENT_TARGET = 7.0;
				ONLY_ACTIVE_ARCH = YES;
				SDKROOT = iphoneos;
			};
			name = Debug;
		};
		00420101188E4BF200A7FEF8 /* Release */ = {
			isa = XCBuildConfiguration;
			buildSettings = {
				ALWAYS_SEARCH_USER_PATHS = NO;
				ARCHS = "$(ARCHS_STANDARD_INCLUDING_64_BIT)";
				CLANG_CXX_LANGUAGE_STANDARD = "gnu++0x";
				CLANG_CXX_LIBRARY = "libc++";
				CLANG_ENABLE_MODULES = YES;
				CLANG_ENABLE_OBJC_ARC = YES;
				CLANG_WARN_BOOL_CONVERSION = YES;
				CLANG_WARN_CONSTANT_CONVERSION = YES;
				CLANG_WARN_DIRECT_OBJC_ISA_USAGE = YES_ERROR;
				CLANG_WARN_EMPTY_BODY = YES;
				CLANG_WARN_ENUM_CONVERSION = YES;
				CLANG_WARN_INT_CONVERSION = YES;
				CLANG_WARN_OBJC_ROOT_CLASS = YES_ERROR;
				CLANG_WARN__DUPLICATE_METHOD_MATCH = YES;
				"CODE_SIGN_IDENTITY[sdk=iphoneos*]" = "iPhone Developer";
				COPY_PHASE_STRIP = YES;
				ENABLE_NS_ASSERTIONS = NO;
				GCC_C_LANGUAGE_STANDARD = gnu99;
				GCC_WARN_64_TO_32_BIT_CONVERSION = YES;
				GCC_WARN_ABOUT_RETURN_TYPE = YES_ERROR;
				GCC_WARN_UNDECLARED_SELECTOR = YES;
				GCC_WARN_UNINITIALIZED_AUTOS = YES;
				GCC_WARN_UNUSED_FUNCTION = YES;
				GCC_WARN_UNUSED_VARIABLE = YES;
				IPHONEOS_DEPLOYMENT_TARGET = 7.0;
				SDKROOT = iphoneos;
				VALIDATE_PRODUCT = YES;
			};
			name = Release;
		};
		00420103188E4BF200A7FEF8 /* Debug */ = {
			isa = XCBuildConfiguration;
			buildSettings = {
				ASSETCATALOG_COMPILER_APPICON_NAME = AppIcon;
				ASSETCATALOG_COMPILER_LAUNCHIMAGE_NAME = LaunchImage;
				GCC_PRECOMPILE_PREFIX_HEADER = YES;
				GCC_PREFIX_HEADER = "FacebookReadFeed/FacebookReadFeed-Prefix.pch";
				INFOPLIST_FILE = "FacebookReadFeed/FacebookReadFeed-Info.plist";
				PRODUCT_NAME = "$(TARGET_NAME)";
				WRAPPER_EXTENSION = app;
			};
			name = Debug;
		};
		00420104188E4BF200A7FEF8 /* Release */ = {
			isa = XCBuildConfiguration;
			buildSettings = {
				ASSETCATALOG_COMPILER_APPICON_NAME = AppIcon;
				ASSETCATALOG_COMPILER_LAUNCHIMAGE_NAME = LaunchImage;
				GCC_PRECOMPILE_PREFIX_HEADER = YES;
				GCC_PREFIX_HEADER = "FacebookReadFeed/FacebookReadFeed-Prefix.pch";
				INFOPLIST_FILE = "FacebookReadFeed/FacebookReadFeed-Info.plist";
				PRODUCT_NAME = "$(TARGET_NAME)";
				WRAPPER_EXTENSION = app;
			};
			name = Release;
		};
		00420106188E4BF200A7FEF8 /* Debug */ = {
			isa = XCBuildConfiguration;
			buildSettings = {
				ARCHS = "$(ARCHS_STANDARD_INCLUDING_64_BIT)";
				BUNDLE_LOADER = "$(BUILT_PRODUCTS_DIR)/FacebookReadFeed.app/FacebookReadFeed";
				FRAMEWORK_SEARCH_PATHS = (
					"$(SDKROOT)/Developer/Library/Frameworks",
					"$(inherited)",
					"$(DEVELOPER_FRAMEWORKS_DIR)",
				);
				GCC_PRECOMPILE_PREFIX_HEADER = YES;
				GCC_PREFIX_HEADER = "FacebookReadFeed/FacebookReadFeed-Prefix.pch";
				GCC_PREPROCESSOR_DEFINITIONS = (
					"DEBUG=1",
					"$(inherited)",
				);
				INFOPLIST_FILE = "FacebookReadFeedTests/FacebookReadFeedTests-Info.plist";
				PRODUCT_NAME = "$(TARGET_NAME)";
				TEST_HOST = "$(BUNDLE_LOADER)";
				WRAPPER_EXTENSION = xctest;
			};
			name = Debug;
		};
		00420107188E4BF200A7FEF8 /* Release */ = {
			isa = XCBuildConfiguration;
			buildSettings = {
				ARCHS = "$(ARCHS_STANDARD_INCLUDING_64_BIT)";
				BUNDLE_LOADER = "$(BUILT_PRODUCTS_DIR)/FacebookReadFeed.app/FacebookReadFeed";
				FRAMEWORK_SEARCH_PATHS = (
					"$(SDKROOT)/Developer/Library/Frameworks",
					"$(inherited)",
					"$(DEVELOPER_FRAMEWORKS_DIR)",
				);
				GCC_PRECOMPILE_PREFIX_HEADER = YES;
				GCC_PREFIX_HEADER = "FacebookReadFeed/FacebookReadFeed-Prefix.pch";
				INFOPLIST_FILE = "FacebookReadFeedTests/FacebookReadFeedTests-Info.plist";
				PRODUCT_NAME = "$(TARGET_NAME)";
				TEST_HOST = "$(BUNDLE_LOADER)";
				WRAPPER_EXTENSION = xctest;
			};
			name = Release;
		};
/* End XCBuildConfiguration section */

/* Begin XCConfigurationList section */
		004200CB188E4BF200A7FEF8 /* Build configuration list for PBXProject "FacebookReadFeed" */ = {
			isa = XCConfigurationList;
			buildConfigurations = (
				00420100188E4BF200A7FEF8 /* Debug */,
				00420101188E4BF200A7FEF8 /* Release */,
			);
			defaultConfigurationIsVisible = 0;
			defaultConfigurationName = Release;
		};
		00420102188E4BF200A7FEF8 /* Build configuration list for PBXNativeTarget "FacebookReadFeed" */ = {
			isa = XCConfigurationList;
			buildConfigurations = (
				00420103188E4BF200A7FEF8 /* Debug */,
				00420104188E4BF200A7FEF8 /* Release */,
			);
			defaultConfigurationIsVisible = 0;
		};
		00420105188E4BF200A7FEF8 /* Build configuration list for PBXNativeTarget "FacebookReadFeedTests" */ = {
			isa = XCConfigurationList;
			buildConfigurations = (
				00420106188E4BF200A7FEF8 /* Debug */,
				00420107188E4BF200A7FEF8 /* Release */,
			);
			defaultConfigurationIsVisible = 0;
		};
/* End XCConfigurationList section */
	};
	rootObject = 004200C8188E4BF200A7FEF8 /* Project object */;
}
